// !$*UTF8*$!
{
	archiveVersion = 1;
	classes = {
	};
	objectVersion = 55;
	objects = {

/* Begin PBXBuildFile section */
		FA281F4928B81A7700832933 /* SummusTakeHomeApp.swift in Sources */ = {isa = PBXBuildFile; fileRef = FA281F4828B81A7700832933 /* SummusTakeHomeApp.swift */; };
		FA281F4B28B81A7700832933 /* PostsView.swift in Sources */ = {isa = PBXBuildFile; fileRef = FA281F4A28B81A7700832933 /* PostsView.swift */; };
		FA281F4D28B81A7800832933 /* Assets.xcassets in Resources */ = {isa = PBXBuildFile; fileRef = FA281F4C28B81A7800832933 /* Assets.xcassets */; };
		FA281F5028B81A7800832933 /* Preview Assets.xcassets in Resources */ = {isa = PBXBuildFile; fileRef = FA281F4F28B81A7800832933 /* Preview Assets.xcassets */; };
		FA281F5A28B81D8D00832933 /* Post.swift in Sources */ = {isa = PBXBuildFile; fileRef = FA281F5928B81D8D00832933 /* Post.swift */; };
		FA281F5D28B824D600832933 /* Endpoint.swift in Sources */ = {isa = PBXBuildFile; fileRef = FA281F5C28B824D600832933 /* Endpoint.swift */; };
		FA281F5F28B8256700832933 /* Networker.swift in Sources */ = {isa = PBXBuildFile; fileRef = FA281F5E28B8256700832933 /* Networker.swift */; };
		FA281F6228B82F4300832933 /* Endpoint+Posts.swift in Sources */ = {isa = PBXBuildFile; fileRef = FA281F6128B82F4300832933 /* Endpoint+Posts.swift */; };
		FA281F6628B8305400832933 /* PostsService.swift in Sources */ = {isa = PBXBuildFile; fileRef = FA281F6528B8305400832933 /* PostsService.swift */; };
		FA281F6928B831E100832933 /* PostsViewModel.swift in Sources */ = {isa = PBXBuildFile; fileRef = FA281F6828B831E100832933 /* PostsViewModel.swift */; };
		FA281F6C28B840E000832933 /* User.swift in Sources */ = {isa = PBXBuildFile; fileRef = FA281F6B28B840E000832933 /* User.swift */; };
		FA281F6E28B8452500832933 /* Endpoint+Users.swift in Sources */ = {isa = PBXBuildFile; fileRef = FA281F6D28B8452500832933 /* Endpoint+Users.swift */; };
		FA281F7028B8455300832933 /* UsersService.swift in Sources */ = {isa = PBXBuildFile; fileRef = FA281F6F28B8455300832933 /* UsersService.swift */; };
		FA281F7228B84DD300832933 /* DetailedPostsView.swift in Sources */ = {isa = PBXBuildFile; fileRef = FA281F7128B84DD300832933 /* DetailedPostsView.swift */; };
		FA281F7428B84DF600832933 /* DetailedPostsViewModel.swift in Sources */ = {isa = PBXBuildFile; fileRef = FA281F7328B84DF600832933 /* DetailedPostsViewModel.swift */; };
		FA281F7728B86D1B00832933 /* PostsRouter.swift in Sources */ = {isa = PBXBuildFile; fileRef = FA281F7628B86D1B00832933 /* PostsRouter.swift */; };
		FA281F7A28B86D8900832933 /* DetailedPostsViewConfigurator.swift in Sources */ = {isa = PBXBuildFile; fileRef = FA281F7928B86D8900832933 /* DetailedPostsViewConfigurator.swift */; };
		FA281F7C28B873A000832933 /* Comment.swift in Sources */ = {isa = PBXBuildFile; fileRef = FA281F7B28B873A000832933 /* Comment.swift */; };
		FA281F7E28B873E200832933 /* Endpoint+Comments.swift in Sources */ = {isa = PBXBuildFile; fileRef = FA281F7D28B873E200832933 /* Endpoint+Comments.swift */; };
		FA281F8028B8FEEA00832933 /* CommentsService.swift in Sources */ = {isa = PBXBuildFile; fileRef = FA281F7F28B8FEEA00832933 /* CommentsService.swift */; };
		FA281F8228B9103800832933 /* DetailedAuthorViewConfigurator.swift in Sources */ = {isa = PBXBuildFile; fileRef = FA281F8128B9103800832933 /* DetailedAuthorViewConfigurator.swift */; };
		FA281F8428B910AF00832933 /* DetailedAuthorView.swift in Sources */ = {isa = PBXBuildFile; fileRef = FA281F8328B910AF00832933 /* DetailedAuthorView.swift */; };
		FA281F8628B910E700832933 /* DetailedAuthorViewModel.swift in Sources */ = {isa = PBXBuildFile; fileRef = FA281F8528B910E700832933 /* DetailedAuthorViewModel.swift */; };
		FA281F8828B9117D00832933 /* AuthorRouter.swift in Sources */ = {isa = PBXBuildFile; fileRef = FA281F8728B9117D00832933 /* AuthorRouter.swift */; };
		FA281F8A28B98B9600832933 /* Endpoint+Albums.swift in Sources */ = {isa = PBXBuildFile; fileRef = FA281F8928B98B9600832933 /* Endpoint+Albums.swift */; };
		FA281F8C28B98BF000832933 /* PhotosService.swift in Sources */ = {isa = PBXBuildFile; fileRef = FA281F8B28B98BF000832933 /* PhotosService.swift */; };
		FA281F8E28B98C1E00832933 /* Album.swift in Sources */ = {isa = PBXBuildFile; fileRef = FA281F8D28B98C1E00832933 /* Album.swift */; };
		FA281F9028B98F3400832933 /* Endpoint+Photos.swift in Sources */ = {isa = PBXBuildFile; fileRef = FA281F8F28B98F3400832933 /* Endpoint+Photos.swift */; };
		FA281F9228B98FAC00832933 /* Photo.swift in Sources */ = {isa = PBXBuildFile; fileRef = FA281F9128B98FAC00832933 /* Photo.swift */; };
/* End PBXBuildFile section */

/* Begin PBXFileReference section */
		FA281F4528B81A7700832933 /* SummusTakeHome.app */ = {isa = PBXFileReference; explicitFileType = wrapper.application; includeInIndex = 0; path = SummusTakeHome.app; sourceTree = BUILT_PRODUCTS_DIR; };
		FA281F4828B81A7700832933 /* SummusTakeHomeApp.swift */ = {isa = PBXFileReference; lastKnownFileType = sourcecode.swift; path = SummusTakeHomeApp.swift; sourceTree = "<group>"; };
		FA281F4A28B81A7700832933 /* PostsView.swift */ = {isa = PBXFileReference; lastKnownFileType = sourcecode.swift; path = PostsView.swift; sourceTree = "<group>"; };
		FA281F4C28B81A7800832933 /* Assets.xcassets */ = {isa = PBXFileReference; lastKnownFileType = folder.assetcatalog; path = Assets.xcassets; sourceTree = "<group>"; };
		FA281F4F28B81A7800832933 /* Preview Assets.xcassets */ = {isa = PBXFileReference; lastKnownFileType = folder.assetcatalog; path = "Preview Assets.xcassets"; sourceTree = "<group>"; };
		FA281F5928B81D8D00832933 /* Post.swift */ = {isa = PBXFileReference; lastKnownFileType = sourcecode.swift; path = Post.swift; sourceTree = "<group>"; };
		FA281F5C28B824D600832933 /* Endpoint.swift */ = {isa = PBXFileReference; lastKnownFileType = sourcecode.swift; path = Endpoint.swift; sourceTree = "<group>"; };
		FA281F5E28B8256700832933 /* Networker.swift */ = {isa = PBXFileReference; lastKnownFileType = sourcecode.swift; path = Networker.swift; sourceTree = "<group>"; };
		FA281F6128B82F4300832933 /* Endpoint+Posts.swift */ = {isa = PBXFileReference; lastKnownFileType = sourcecode.swift; path = "Endpoint+Posts.swift"; sourceTree = "<group>"; };
		FA281F6528B8305400832933 /* PostsService.swift */ = {isa = PBXFileReference; lastKnownFileType = sourcecode.swift; path = PostsService.swift; sourceTree = "<group>"; };
		FA281F6828B831E100832933 /* PostsViewModel.swift */ = {isa = PBXFileReference; lastKnownFileType = sourcecode.swift; path = PostsViewModel.swift; sourceTree = "<group>"; };
		FA281F6B28B840E000832933 /* User.swift */ = {isa = PBXFileReference; lastKnownFileType = sourcecode.swift; path = User.swift; sourceTree = "<group>"; };
		FA281F6D28B8452500832933 /* Endpoint+Users.swift */ = {isa = PBXFileReference; lastKnownFileType = sourcecode.swift; path = "Endpoint+Users.swift"; sourceTree = "<group>"; };
		FA281F6F28B8455300832933 /* UsersService.swift */ = {isa = PBXFileReference; lastKnownFileType = sourcecode.swift; path = UsersService.swift; sourceTree = "<group>"; };
		FA281F7128B84DD300832933 /* DetailedPostsView.swift */ = {isa = PBXFileReference; lastKnownFileType = sourcecode.swift; path = DetailedPostsView.swift; sourceTree = "<group>"; };
		FA281F7328B84DF600832933 /* DetailedPostsViewModel.swift */ = {isa = PBXFileReference; lastKnownFileType = sourcecode.swift; path = DetailedPostsViewModel.swift; sourceTree = "<group>"; };
		FA281F7628B86D1B00832933 /* PostsRouter.swift */ = {isa = PBXFileReference; lastKnownFileType = sourcecode.swift; path = PostsRouter.swift; sourceTree = "<group>"; };
		FA281F7928B86D8900832933 /* DetailedPostsViewConfigurator.swift */ = {isa = PBXFileReference; lastKnownFileType = sourcecode.swift; path = DetailedPostsViewConfigurator.swift; sourceTree = "<group>"; };
		FA281F7B28B873A000832933 /* Comment.swift */ = {isa = PBXFileReference; lastKnownFileType = sourcecode.swift; path = Comment.swift; sourceTree = "<group>"; };
		FA281F7D28B873E200832933 /* Endpoint+Comments.swift */ = {isa = PBXFileReference; lastKnownFileType = sourcecode.swift; path = "Endpoint+Comments.swift"; sourceTree = "<group>"; };
		FA281F7F28B8FEEA00832933 /* CommentsService.swift */ = {isa = PBXFileReference; lastKnownFileType = sourcecode.swift; path = CommentsService.swift; sourceTree = "<group>"; };
		FA281F8128B9103800832933 /* DetailedAuthorViewConfigurator.swift */ = {isa = PBXFileReference; lastKnownFileType = sourcecode.swift; path = DetailedAuthorViewConfigurator.swift; sourceTree = "<group>"; };
		FA281F8328B910AF00832933 /* DetailedAuthorView.swift */ = {isa = PBXFileReference; lastKnownFileType = sourcecode.swift; path = DetailedAuthorView.swift; sourceTree = "<group>"; };
		FA281F8528B910E700832933 /* DetailedAuthorViewModel.swift */ = {isa = PBXFileReference; lastKnownFileType = sourcecode.swift; path = DetailedAuthorViewModel.swift; sourceTree = "<group>"; };
		FA281F8728B9117D00832933 /* AuthorRouter.swift */ = {isa = PBXFileReference; lastKnownFileType = sourcecode.swift; path = AuthorRouter.swift; sourceTree = "<group>"; };
		FA281F8928B98B9600832933 /* Endpoint+Albums.swift */ = {isa = PBXFileReference; lastKnownFileType = sourcecode.swift; path = "Endpoint+Albums.swift"; sourceTree = "<group>"; };
		FA281F8B28B98BF000832933 /* PhotosService.swift */ = {isa = PBXFileReference; lastKnownFileType = sourcecode.swift; path = PhotosService.swift; sourceTree = "<group>"; };
		FA281F8D28B98C1E00832933 /* Album.swift */ = {isa = PBXFileReference; lastKnownFileType = sourcecode.swift; path = Album.swift; sourceTree = "<group>"; };
		FA281F8F28B98F3400832933 /* Endpoint+Photos.swift */ = {isa = PBXFileReference; lastKnownFileType = sourcecode.swift; path = "Endpoint+Photos.swift"; sourceTree = "<group>"; };
		FA281F9128B98FAC00832933 /* Photo.swift */ = {isa = PBXFileReference; lastKnownFileType = sourcecode.swift; path = Photo.swift; sourceTree = "<group>"; };
/* End PBXFileReference section */

/* Begin PBXFrameworksBuildPhase section */
		FA281F4228B81A7700832933 /* Frameworks */ = {
			isa = PBXFrameworksBuildPhase;
			buildActionMask = 2147483647;
			files = (
			);
			runOnlyForDeploymentPostprocessing = 0;
		};
/* End PBXFrameworksBuildPhase section */

/* Begin PBXGroup section */
		FA281F3C28B81A7700832933 = {
			isa = PBXGroup;
			children = (
				FA281F4728B81A7700832933 /* SummusTakeHome */,
				FA281F4628B81A7700832933 /* Products */,
			);
			sourceTree = "<group>";
		};
		FA281F4628B81A7700832933 /* Products */ = {
			isa = PBXGroup;
			children = (
				FA281F4528B81A7700832933 /* SummusTakeHome.app */,
			);
			name = Products;
			sourceTree = "<group>";
		};
		FA281F4728B81A7700832933 /* SummusTakeHome */ = {
			isa = PBXGroup;
			children = (
				FA281F5B28B824CC00832933 /* Network */,
				FA281F7828B86D7000832933 /* Configurator */,
				FA281F7528B86CF400832933 /* Router */,
				FA281F5828B81D4A00832933 /* Model */,
				FA281F6A28B8333300832933 /* View */,
				FA281F6728B831CA00832933 /* ViewModel */,
				FA281F4828B81A7700832933 /* SummusTakeHomeApp.swift */,
				FA281F4C28B81A7800832933 /* Assets.xcassets */,
				FA281F4E28B81A7800832933 /* Preview Content */,
			);
			path = SummusTakeHome;
			sourceTree = "<group>";
		};
		FA281F4E28B81A7800832933 /* Preview Content */ = {
			isa = PBXGroup;
			children = (
				FA281F4F28B81A7800832933 /* Preview Assets.xcassets */,
			);
			path = "Preview Content";
			sourceTree = "<group>";
		};
		FA281F5828B81D4A00832933 /* Model */ = {
			isa = PBXGroup;
			children = (
				FA281F5928B81D8D00832933 /* Post.swift */,
				FA281F6B28B840E000832933 /* User.swift */,
				FA281F7B28B873A000832933 /* Comment.swift */,
				FA281F8D28B98C1E00832933 /* Album.swift */,
				FA281F9128B98FAC00832933 /* Photo.swift */,
			);
			path = Model;
			sourceTree = "<group>";
		};
		FA281F5B28B824CC00832933 /* Network */ = {
			isa = PBXGroup;
			children = (
				FA281F6428B8304800832933 /* Service */,
				FA281F6328B8303D00832933 /* Core */,
				FA281F6028B82F2E00832933 /* Endpoints */,
			);
			path = Network;
			sourceTree = "<group>";
		};
		FA281F6028B82F2E00832933 /* Endpoints */ = {
			isa = PBXGroup;
			children = (
				FA281F6128B82F4300832933 /* Endpoint+Posts.swift */,
				FA281F6D28B8452500832933 /* Endpoint+Users.swift */,
				FA281F7D28B873E200832933 /* Endpoint+Comments.swift */,
				FA281F8928B98B9600832933 /* Endpoint+Albums.swift */,
				FA281F8F28B98F3400832933 /* Endpoint+Photos.swift */,
			);
			path = Endpoints;
			sourceTree = "<group>";
		};
		FA281F6328B8303D00832933 /* Core */ = {
			isa = PBXGroup;
			children = (
				FA281F5C28B824D600832933 /* Endpoint.swift */,
				FA281F5E28B8256700832933 /* Networker.swift */,
			);
			path = Core;
			sourceTree = "<group>";
		};
		FA281F6428B8304800832933 /* Service */ = {
			isa = PBXGroup;
			children = (
				FA281F6528B8305400832933 /* PostsService.swift */,
				FA281F6F28B8455300832933 /* UsersService.swift */,
				FA281F7F28B8FEEA00832933 /* CommentsService.swift */,
				FA281F8B28B98BF000832933 /* PhotosService.swift */,
			);
			path = Service;
			sourceTree = "<group>";
		};
		FA281F6728B831CA00832933 /* ViewModel */ = {
			isa = PBXGroup;
			children = (
				FA281F6828B831E100832933 /* PostsViewModel.swift */,
				FA281F7328B84DF600832933 /* DetailedPostsViewModel.swift */,
				FA281F8528B910E700832933 /* DetailedAuthorViewModel.swift */,
			);
			path = ViewModel;
			sourceTree = "<group>";
		};
		FA281F6A28B8333300832933 /* View */ = {
			isa = PBXGroup;
			children = (
				FA281F4A28B81A7700832933 /* PostsView.swift */,
				FA281F7128B84DD300832933 /* DetailedPostsView.swift */,
				FA281F8328B910AF00832933 /* DetailedAuthorView.swift */,
			);
			path = View;
			sourceTree = "<group>";
		};
		FA281F7528B86CF400832933 /* Router */ = {
			isa = PBXGroup;
			children = (
				FA281F7628B86D1B00832933 /* PostsRouter.swift */,
				FA281F8728B9117D00832933 /* AuthorRouter.swift */,
			);
			path = Router;
			sourceTree = "<group>";
		};
		FA281F7828B86D7000832933 /* Configurator */ = {
			isa = PBXGroup;
			children = (
				FA281F7928B86D8900832933 /* DetailedPostsViewConfigurator.swift */,
				FA281F8128B9103800832933 /* DetailedAuthorViewConfigurator.swift */,
			);
			path = Configurator;
			sourceTree = "<group>";
		};
/* End PBXGroup section */

/* Begin PBXNativeTarget section */
		FA281F4428B81A7700832933 /* SummusTakeHome */ = {
			isa = PBXNativeTarget;
			buildConfigurationList = FA281F5328B81A7800832933 /* Build configuration list for PBXNativeTarget "SummusTakeHome" */;
			buildPhases = (
				FA281F4128B81A7700832933 /* Sources */,
				FA281F4228B81A7700832933 /* Frameworks */,
				FA281F4328B81A7700832933 /* Resources */,
			);
			buildRules = (
			);
			dependencies = (
			);
			name = SummusTakeHome;
			productName = SummusTakeHome;
			productReference = FA281F4528B81A7700832933 /* SummusTakeHome.app */;
			productType = "com.apple.product-type.application";
		};
/* End PBXNativeTarget section */

/* Begin PBXProject section */
		FA281F3D28B81A7700832933 /* Project object */ = {
			isa = PBXProject;
			attributes = {
				BuildIndependentTargetsInParallel = 1;
				LastSwiftUpdateCheck = 1340;
				LastUpgradeCheck = 1340;
				TargetAttributes = {
					FA281F4428B81A7700832933 = {
						CreatedOnToolsVersion = 13.4.1;
					};
				};
			};
			buildConfigurationList = FA281F4028B81A7700832933 /* Build configuration list for PBXProject "SummusTakeHome" */;
			compatibilityVersion = "Xcode 13.0";
			developmentRegion = en;
			hasScannedForEncodings = 0;
			knownRegions = (
				en,
				Base,
			);
			mainGroup = FA281F3C28B81A7700832933;
			productRefGroup = FA281F4628B81A7700832933 /* Products */;
			projectDirPath = "";
			projectRoot = "";
			targets = (
				FA281F4428B81A7700832933 /* SummusTakeHome */,
			);
		};
/* End PBXProject section */

/* Begin PBXResourcesBuildPhase section */
		FA281F4328B81A7700832933 /* Resources */ = {
			isa = PBXResourcesBuildPhase;
			buildActionMask = 2147483647;
			files = (
				FA281F5028B81A7800832933 /* Preview Assets.xcassets in Resources */,
				FA281F4D28B81A7800832933 /* Assets.xcassets in Resources */,
			);
			runOnlyForDeploymentPostprocessing = 0;
		};
/* End PBXResourcesBuildPhase section */

/* Begin PBXSourcesBuildPhase section */
		FA281F4128B81A7700832933 /* Sources */ = {
			isa = PBXSourcesBuildPhase;
			buildActionMask = 2147483647;
			files = (
				FA281F8A28B98B9600832933 /* Endpoint+Albums.swift in Sources */,
				FA281F7E28B873E200832933 /* Endpoint+Comments.swift in Sources */,
				FA281F8828B9117D00832933 /* AuthorRouter.swift in Sources */,
				FA281F9228B98FAC00832933 /* Photo.swift in Sources */,
				FA281F8428B910AF00832933 /* DetailedAuthorView.swift in Sources */,
				FA281F8C28B98BF000832933 /* PhotosService.swift in Sources */,
				FA281F7428B84DF600832933 /* DetailedPostsViewModel.swift in Sources */,
				FA281F7028B8455300832933 /* UsersService.swift in Sources */,
				FA281F9028B98F3400832933 /* Endpoint+Photos.swift in Sources */,
				FA281F8028B8FEEA00832933 /* CommentsService.swift in Sources */,
				FA281F6228B82F4300832933 /* Endpoint+Posts.swift in Sources */,
				FA281F8E28B98C1E00832933 /* Album.swift in Sources */,
				FA281F8628B910E700832933 /* DetailedAuthorViewModel.swift in Sources */,
				FA281F7228B84DD300832933 /* DetailedPostsView.swift in Sources */,
				FA281F7A28B86D8900832933 /* DetailedPostsViewConfigurator.swift in Sources */,
				FA281F7728B86D1B00832933 /* PostsRouter.swift in Sources */,
				FA281F4B28B81A7700832933 /* PostsView.swift in Sources */,
				FA281F4928B81A7700832933 /* SummusTakeHomeApp.swift in Sources */,
				FA281F6E28B8452500832933 /* Endpoint+Users.swift in Sources */,
				FA281F5A28B81D8D00832933 /* Post.swift in Sources */,
				FA281F8228B9103800832933 /* DetailedAuthorViewConfigurator.swift in Sources */,
				FA281F6928B831E100832933 /* PostsViewModel.swift in Sources */,
				FA281F7C28B873A000832933 /* Comment.swift in Sources */,
				FA281F5D28B824D600832933 /* Endpoint.swift in Sources */,
				FA281F5F28B8256700832933 /* Networker.swift in Sources */,
				FA281F6C28B840E000832933 /* User.swift in Sources */,
				FA281F6628B8305400832933 /* PostsService.swift in Sources */,
			);
			runOnlyForDeploymentPostprocessing = 0;
		};
/* End PBXSourcesBuildPhase section */

/* Begin XCBuildConfiguration section */
		FA281F5128B81A7800832933 /* Debug */ = {
			isa = XCBuildConfiguration;
			buildSettings = {
				ALWAYS_SEARCH_USER_PATHS = NO;
				CLANG_ANALYZER_NONNULL = YES;
				CLANG_ANALYZER_NUMBER_OBJECT_CONVERSION = YES_AGGRESSIVE;
				CLANG_CXX_LANGUAGE_STANDARD = "gnu++17";
				CLANG_ENABLE_MODULES = YES;
				CLANG_ENABLE_OBJC_ARC = YES;
				CLANG_ENABLE_OBJC_WEAK = YES;
				CLANG_WARN_BLOCK_CAPTURE_AUTORELEASING = YES;
				CLANG_WARN_BOOL_CONVERSION = YES;
				CLANG_WARN_COMMA = YES;
				CLANG_WARN_CONSTANT_CONVERSION = YES;
				CLANG_WARN_DEPRECATED_OBJC_IMPLEMENTATIONS = YES;
				CLANG_WARN_DIRECT_OBJC_ISA_USAGE = YES_ERROR;
				CLANG_WARN_DOCUMENTATION_COMMENTS = YES;
				CLANG_WARN_EMPTY_BODY = YES;
				CLANG_WARN_ENUM_CONVERSION = YES;
				CLANG_WARN_INFINITE_RECURSION = YES;
				CLANG_WARN_INT_CONVERSION = YES;
				CLANG_WARN_NON_LITERAL_NULL_CONVERSION = YES;
				CLANG_WARN_OBJC_IMPLICIT_RETAIN_SELF = YES;
				CLANG_WARN_OBJC_LITERAL_CONVERSION = YES;
				CLANG_WARN_OBJC_ROOT_CLASS = YES_ERROR;
				CLANG_WARN_QUOTED_INCLUDE_IN_FRAMEWORK_HEADER = YES;
				CLANG_WARN_RANGE_LOOP_ANALYSIS = YES;
				CLANG_WARN_STRICT_PROTOTYPES = YES;
				CLANG_WARN_SUSPICIOUS_MOVE = YES;
				CLANG_WARN_UNGUARDED_AVAILABILITY = YES_AGGRESSIVE;
				CLANG_WARN_UNREACHABLE_CODE = YES;
				CLANG_WARN__DUPLICATE_METHOD_MATCH = YES;
				COPY_PHASE_STRIP = NO;
				DEBUG_INFORMATION_FORMAT = dwarf;
				ENABLE_STRICT_OBJC_MSGSEND = YES;
				ENABLE_TESTABILITY = YES;
				GCC_C_LANGUAGE_STANDARD = gnu11;
				GCC_DYNAMIC_NO_PIC = NO;
				GCC_NO_COMMON_BLOCKS = YES;
				GCC_OPTIMIZATION_LEVEL = 0;
				GCC_PREPROCESSOR_DEFINITIONS = (
					"DEBUG=1",
					"$(inherited)",
				);
				GCC_WARN_64_TO_32_BIT_CONVERSION = YES;
				GCC_WARN_ABOUT_RETURN_TYPE = YES_ERROR;
				GCC_WARN_UNDECLARED_SELECTOR = YES;
				GCC_WARN_UNINITIALIZED_AUTOS = YES_AGGRESSIVE;
				GCC_WARN_UNUSED_FUNCTION = YES;
				GCC_WARN_UNUSED_VARIABLE = YES;
				IPHONEOS_DEPLOYMENT_TARGET = 15.5;
				MTL_ENABLE_DEBUG_INFO = INCLUDE_SOURCE;
				MTL_FAST_MATH = YES;
				ONLY_ACTIVE_ARCH = YES;
				SDKROOT = iphoneos;
				SWIFT_ACTIVE_COMPILATION_CONDITIONS = DEBUG;
				SWIFT_OPTIMIZATION_LEVEL = "-Onone";
			};
			name = Debug;
		};
		FA281F5228B81A7800832933 /* Release */ = {
			isa = XCBuildConfiguration;
			buildSettings = {
				ALWAYS_SEARCH_USER_PATHS = NO;
				CLANG_ANALYZER_NONNULL = YES;
				CLANG_ANALYZER_NUMBER_OBJECT_CONVERSION = YES_AGGRESSIVE;
				CLANG_CXX_LANGUAGE_STANDARD = "gnu++17";
				CLANG_ENABLE_MODULES = YES;
				CLANG_ENABLE_OBJC_ARC = YES;
				CLANG_ENABLE_OBJC_WEAK = YES;
				CLANG_WARN_BLOCK_CAPTURE_AUTORELEASING = YES;
				CLANG_WARN_BOOL_CONVERSION = YES;
				CLANG_WARN_COMMA = YES;
				CLANG_WARN_CONSTANT_CONVERSION = YES;
				CLANG_WARN_DEPRECATED_OBJC_IMPLEMENTATIONS = YES;
				CLANG_WARN_DIRECT_OBJC_ISA_USAGE = YES_ERROR;
				CLANG_WARN_DOCUMENTATION_COMMENTS = YES;
				CLANG_WARN_EMPTY_BODY = YES;
				CLANG_WARN_ENUM_CONVERSION = YES;
				CLANG_WARN_INFINITE_RECURSION = YES;
				CLANG_WARN_INT_CONVERSION = YES;
				CLANG_WARN_NON_LITERAL_NULL_CONVERSION = YES;
				CLANG_WARN_OBJC_IMPLICIT_RETAIN_SELF = YES;
				CLANG_WARN_OBJC_LITERAL_CONVERSION = YES;
				CLANG_WARN_OBJC_ROOT_CLASS = YES_ERROR;
				CLANG_WARN_QUOTED_INCLUDE_IN_FRAMEWORK_HEADER = YES;
				CLANG_WARN_RANGE_LOOP_ANALYSIS = YES;
				CLANG_WARN_STRICT_PROTOTYPES = YES;
				CLANG_WARN_SUSPICIOUS_MOVE = YES;
				CLANG_WARN_UNGUARDED_AVAILABILITY = YES_AGGRESSIVE;
				CLANG_WARN_UNREACHABLE_CODE = YES;
				CLANG_WARN__DUPLICATE_METHOD_MATCH = YES;
				COPY_PHASE_STRIP = NO;
				DEBUG_INFORMATION_FORMAT = "dwarf-with-dsym";
				ENABLE_NS_ASSERTIONS = NO;
				ENABLE_STRICT_OBJC_MSGSEND = YES;
				GCC_C_LANGUAGE_STANDARD = gnu11;
				GCC_NO_COMMON_BLOCKS = YES;
				GCC_WARN_64_TO_32_BIT_CONVERSION = YES;
				GCC_WARN_ABOUT_RETURN_TYPE = YES_ERROR;
				GCC_WARN_UNDECLARED_SELECTOR = YES;
				GCC_WARN_UNINITIALIZED_AUTOS = YES_AGGRESSIVE;
				GCC_WARN_UNUSED_FUNCTION = YES;
				GCC_WARN_UNUSED_VARIABLE = YES;
				IPHONEOS_DEPLOYMENT_TARGET = 15.5;
				MTL_ENABLE_DEBUG_INFO = NO;
				MTL_FAST_MATH = YES;
				SDKROOT = iphoneos;
				SWIFT_COMPILATION_MODE = wholemodule;
				SWIFT_OPTIMIZATION_LEVEL = "-O";
				VALIDATE_PRODUCT = YES;
			};
			name = Release;
		};
		FA281F5428B81A7800832933 /* Debug */ = {
			isa = XCBuildConfiguration;
			buildSettings = {
				ASSETCATALOG_COMPILER_APPICON_NAME = AppIcon;
				ASSETCATALOG_COMPILER_GLOBAL_ACCENT_COLOR_NAME = AccentColor;
				CODE_SIGN_STYLE = Automatic;
				CURRENT_PROJECT_VERSION = 1;
				DEVELOPMENT_ASSET_PATHS = "\"SummusTakeHome/Preview Content\"";
				DEVELOPMENT_TEAM = Q6LYC5V9JR;
				ENABLE_PREVIEWS = YES;
				GENERATE_INFOPLIST_FILE = YES;
				INFOPLIST_KEY_UIApplicationSceneManifest_Generation = YES;
				INFOPLIST_KEY_UIApplicationSupportsIndirectInputEvents = YES;
				INFOPLIST_KEY_UILaunchScreen_Generation = YES;
				INFOPLIST_KEY_UISupportedInterfaceOrientations_iPad = "UIInterfaceOrientationPortrait UIInterfaceOrientationPortraitUpsideDown UIInterfaceOrientationLandscapeLeft UIInterfaceOrientationLandscapeRight";
				INFOPLIST_KEY_UISupportedInterfaceOrientations_iPhone = "UIInterfaceOrientationPortrait UIInterfaceOrientationLandscapeLeft UIInterfaceOrientationLandscapeRight";
				LD_RUNPATH_SEARCH_PATHS = (
					"$(inherited)",
					"@executable_path/Frameworks",
				);
				MARKETING_VERSION = 1.0;
				PRODUCT_BUNDLE_IDENTIFIER = com.vedantchaudhari.SummusTakeHome;
				PRODUCT_NAME = "$(TARGET_NAME)";
				SWIFT_EMIT_LOC_STRINGS = YES;
				SWIFT_VERSION = 5.0;
				TARGETED_DEVICE_FAMILY = "1,2";
			};
			name = Debug;
		};
		FA281F5528B81A7800832933 /* Release */ = {
			isa = XCBuildConfiguration;
			buildSettings = {
				ASSETCATALOG_COMPILER_APPICON_NAME = AppIcon;
				ASSETCATALOG_COMPILER_GLOBAL_ACCENT_COLOR_NAME = AccentColor;
				CODE_SIGN_STYLE = Automatic;
				CURRENT_PROJECT_VERSION = 1;
				DEVELOPMENT_ASSET_PATHS = "\"SummusTakeHome/Preview Content\"";
				DEVELOPMENT_TEAM = Q6LYC5V9JR;
				ENABLE_PREVIEWS = YES;
				GENERATE_INFOPLIST_FILE = YES;
				INFOPLIST_KEY_UIApplicationSceneManifest_Generation = YES;
				INFOPLIST_KEY_UIApplicationSupportsIndirectInputEvents = YES;
				INFOPLIST_KEY_UILaunchScreen_Generation = YES;
				INFOPLIST_KEY_UISupportedInterfaceOrientations_iPad = "UIInterfaceOrientationPortrait UIInterfaceOrientationPortraitUpsideDown UIInterfaceOrientationLandscapeLeft UIInterfaceOrientationLandscapeRight";
				INFOPLIST_KEY_UISupportedInterfaceOrientations_iPhone = "UIInterfaceOrientationPortrait UIInterfaceOrientationLandscapeLeft UIInterfaceOrientationLandscapeRight";
				LD_RUNPATH_SEARCH_PATHS = (
					"$(inherited)",
					"@executable_path/Frameworks",
				);
				MARKETING_VERSION = 1.0;
				PRODUCT_BUNDLE_IDENTIFIER = com.vedantchaudhari.SummusTakeHome;
				PRODUCT_NAME = "$(TARGET_NAME)";
				SWIFT_EMIT_LOC_STRINGS = YES;
				SWIFT_VERSION = 5.0;
				TARGETED_DEVICE_FAMILY = "1,2";
			};
			name = Release;
		};
/* End XCBuildConfiguration section */

/* Begin XCConfigurationList section */
		FA281F4028B81A7700832933 /* Build configuration list for PBXProject "SummusTakeHome" */ = {
			isa = XCConfigurationList;
			buildConfigurations = (
				FA281F5128B81A7800832933 /* Debug */,
				FA281F5228B81A7800832933 /* Release */,
			);
			defaultConfigurationIsVisible = 0;
			defaultConfigurationName = Release;
		};
		FA281F5328B81A7800832933 /* Build configuration list for PBXNativeTarget "SummusTakeHome" */ = {
			isa = XCConfigurationList;
			buildConfigurations = (
				FA281F5428B81A7800832933 /* Debug */,
				FA281F5528B81A7800832933 /* Release */,
			);
			defaultConfigurationIsVisible = 0;
			defaultConfigurationName = Release;
		};
/* End XCConfigurationList section */
	};
	rootObject = FA281F3D28B81A7700832933 /* Project object */;
}
